{
  "version": 4,
  "terraform_version": "1.3.5",
  "serial": 20,
  "lineage": "7dd564f1-05aa-fef4-c001-8bebb8617468",
  "outputs": {},
  "resources": [
    {
      "mode": "managed",
      "type": "local_file",
      "name": "pet",
      "provider": "provider[\"registry.terraform.io/hashicorp/local\"]",
      "instances": [
        {
          "index_key": "C:/Users/admin/Desktop/Terraform/09-count/cat.txt",
          "schema_version": 0,
          "attributes": {
            "content": "i love pets",
            "content_base64": null,
            "directory_permission": "0777",
            "file_permission": "0777",
            "filename": "C:/Users/admin/Desktop/Terraform/09-count/cat.txt",
            "id": "24899fdea020fed9c33448b53811e17d15bb4f25",
            "sensitive_content": null,
            "source": null
          },
          "sensitive_attributes": [],
          "private": "bnVsbA=="
        },
        {
          "index_key": "C:/Users/admin/Desktop/Terraform/09-count/dog.txt",
          "schema_version": 0,
          "attributes": {
            "content": "i love pets",
            "content_base64": null,
            "directory_permission": "0777",
            "file_permission": "0777",
            "filename": "C:/Users/admin/Desktop/Terraform/09-count/dog.txt",
            "id": "24899fdea020fed9c33448b53811e17d15bb4f25",
            "sensitive_content": null,
            "source": null
          },
          "sensitive_attributes": [],
          "private": "bnVsbA=="
        },
        {
          "index_key": "C:/Users/admin/Desktop/Terraform/09-count/pets.txt",
          "schema_version": 0,
          "attributes": {
            "content": "i love pets",
            "content_base64": null,
            "directory_permission": "0777",
            "file_permission": "0777",
            "filename": "C:/Users/admin/Desktop/Terraform/09-count/pets.txt",
            "id": "24899fdea020fed9c33448b53811e17d15bb4f25",
            "sensitive_content": null,
            "source": null
          },
          "sensitive_attributes": [],
          "private": "bnVsbA=="
        }
      ]
    }
  ],
  "check_results": null
}
