{
  "version": 4,
  "terraform_version": "1.3.5",
  "serial": 11,
  "lineage": "26dcfeb2-b693-8a86-5c53-1dc50e145793",
  "outputs": {},
  "resources": [
    {
      "mode": "managed",
      "type": "local_file",
      "name": "pet",
      "provider": "provider[\"registry.terraform.io/hashicorp/local\"]",
      "instances": [
        {
          "schema_version": 0,
          "attributes": {
            "content": "Mr-i love dog",
            "content_base64": null,
            "directory_permission": "0777",
            "file_permission": "0777",
            "filename": "C:/Users/admin/Desktop/Terraform/07-variables/pets.txt",
            "id": "f3d80cb31f7732b7011adc210559a8456800b232",
            "sensitive_content": null,
            "source": null
          },
          "sensitive_attributes": [],
          "private": "bnVsbA=="
        }
      ]
    },
    {
      "mode": "managed",
      "type": "random_pet",
      "name": "my-pet",
      "provider": "provider[\"registry.terraform.io/hashicorp/random\"]",
      "instances": [
        {
          "schema_version": 0,
          "attributes": {
            "id": "Mr.mutt",
            "keepers": null,
            "length": 1,
            "prefix": "Mr",
            "separator": "."
          },
          "sensitive_attributes": []
        }
      ]
    }
  ],
  "check_results": null
}
