{
  "version": 4,
  "terraform_version": "1.3.5",
  "serial": 1,
  "lineage": "b92e02b5-c4f0-6fcc-bb09-19268e3fa320",
  "outputs": {},
  "resources": [
    {
      "mode": "managed",
      "type": "aws_iam_user",
      "name": "admin-user",
      "provider": "provider[\"registry.terraform.io/hashicorp/aws\"]",
      "instances": [
        {
          "schema_version": 0,
          "attributes": {
            "arn": "arn:aws:iam::820509027160:user/andrew",
            "force_destroy": false,
            "id": "andrew",
            "name": "andrew",
            "path": "/",
            "permissions_boundary": null,
            "tags": {
              "Description": "team leader"
            },
            "tags_all": {
              "Description": "team leader"
            },
            "unique_id": "AIDA36CRGFNMOBVOXFMFK"
          },
          "sensitive_attributes": [],
          "private": "bnVsbA=="
        }
      ]
    }
  ],
  "check_results": null
}
